
Microsoft Visual Studio Solution File, Format Version 12.00
# Visual Studio Version 17
VisualStudioVersion = 17.14.36623.8
MinimumVisualStudioVersion = 10.0.40219.1
Project("{FAE04EC0-301F-11D3-BF4B-00C04F79EFBC}") = "AVIASYS1", "AVIASYS1\AVIASYS1.csproj", "{9295863C-C732-47E8-A384-6320823E0786}"
EndProject
Global
	GlobalSection(SolutionConfigurationPlatforms) = preSolution
		Debug|Any CPU = Debug|Any CPU
		Release|Any CPU = Release|Any CPU
	EndGlobalSection
	GlobalSection(ProjectConfigurationPlatforms) = postSolution
		{9295863C-C732-47E8-A384-6320823E0786}.Debug|Any CPU.ActiveCfg = Debug|Any CPU
		{9295863C-C732-47E8-A384-6320823E0786}.Debug|Any CPU.Build.0 = Debug|Any CPU
		{9295863C-C732-47E8-A384-6320823E0786}.Release|Any CPU.ActiveCfg = Release|Any CPU
		{9295863C-C732-47E8-A384-6320823E0786}.Release|Any CPU.Build.0 = Release|Any CPU
	EndGlobalSection
	GlobalSection(SolutionProperties) = preSolution
		HideSolutionNode = FALSE
	EndGlobalSection
	GlobalSection(ExtensibilityGlobals) = postSolution
		SolutionGuid = {178AEE5C-E128-4F99-99F9-E8879308FA0C}
	EndGlobalSection
EndGlobal
